// !$*UTF8*$!
{
	archiveVersion = 1;
	classes = {
	};
	objectVersion = 56;
	objects = {

/* Begin PBXBuildFile section */
		AF1BA3DB29E0C8050086898F /* Assets.xcassets in Resources */ = {isa = PBXBuildFile; fileRef = AF1BA3DA29E0C8050086898F /* Assets.xcassets */; };
		AF3B15E029DDD57200ACDC2B /* FFWinScreenViewController.swift in Sources */ = {isa = PBXBuildFile; fileRef = AF3B15DF29DDD57200ACDC2B /* FFWinScreenViewController.swift */; };
		AF514F9629C6665C009EF16D /* AppDelegate.swift in Sources */ = {isa = PBXBuildFile; fileRef = AF514F9529C6665C009EF16D /* AppDelegate.swift */; };
		AF514F9829C6665C009EF16D /* SceneDelegate.swift in Sources */ = {isa = PBXBuildFile; fileRef = AF514F9729C6665C009EF16D /* SceneDelegate.swift */; };
		AF514F9A29C6665C009EF16D /* FFGameViewController.swift in Sources */ = {isa = PBXBuildFile; fileRef = AF514F9929C6665C009EF16D /* FFGameViewController.swift */; };
		AF514FA029C6665C009EF16D /* FindTheFlag.xcdatamodeld in Sources */ = {isa = PBXBuildFile; fileRef = AF514F9E29C6665C009EF16D /* FindTheFlag.xcdatamodeld */; };
		AF514FA529C6665E009EF16D /* LaunchScreen.storyboard in Resources */ = {isa = PBXBuildFile; fileRef = AF514FA329C6665E009EF16D /* LaunchScreen.storyboard */; };
		AF514FAF29C66D63009EF16D /* FFModel.swift in Sources */ = {isa = PBXBuildFile; fileRef = AF514FAE29C66D63009EF16D /* FFModel.swift */; };
		AF514FB229C66E80009EF16D /* FFViewModelAPI.swift in Sources */ = {isa = PBXBuildFile; fileRef = AF514FB129C66E80009EF16D /* FFViewModelAPI.swift */; };
		AF514FB529C66F79009EF16D /* FFView.swift in Sources */ = {isa = PBXBuildFile; fileRef = AF514FB429C66F79009EF16D /* FFView.swift */; };
		AFEE6E2929CDDAF100459921 /* FlagData.swift in Sources */ = {isa = PBXBuildFile; fileRef = AFEE6E2829CDDAF100459921 /* FlagData.swift */; };
		AFF1052929D35E920048877E /* FFSettingsViewViewModel.swift in Sources */ = {isa = PBXBuildFile; fileRef = AFF1052829D35E920048877E /* FFSettingsViewViewModel.swift */; };
		AFF1052B29D35EBE0048877E /* FFSettingsCellViewModel.swift in Sources */ = {isa = PBXBuildFile; fileRef = AFF1052A29D35EBE0048877E /* FFSettingsCellViewModel.swift */; };
		AFF1052D29D35EDB0048877E /* FFSettingsOption.swift in Sources */ = {isa = PBXBuildFile; fileRef = AFF1052C29D35EDB0048877E /* FFSettingsOption.swift */; };
		AFF1052F29D35F3C0048877E /* FFSettingsView.swift in Sources */ = {isa = PBXBuildFile; fileRef = AFF1052E29D35F3C0048877E /* FFSettingsView.swift */; };
		AFF1053129D35F950048877E /* FFSettingsViewController.swift in Sources */ = {isa = PBXBuildFile; fileRef = AFF1053029D35F950048877E /* FFSettingsViewController.swift */; };
		AFF1056529D398090048877E /* FFHomeViewController.swift in Sources */ = {isa = PBXBuildFile; fileRef = AFF1056429D398090048877E /* FFHomeViewController.swift */; };
		AFF1056729D3A04A0048877E /* FFHomeView.swift in Sources */ = {isa = PBXBuildFile; fileRef = AFF1056629D3A04A0048877E /* FFHomeView.swift */; };
/* End PBXBuildFile section */

/* Begin PBXFileReference section */
		AF1BA3DA29E0C8050086898F /* Assets.xcassets */ = {isa = PBXFileReference; lastKnownFileType = folder.assetcatalog; path = Assets.xcassets; sourceTree = "<group>"; };
		AF3B15DF29DDD57200ACDC2B /* FFWinScreenViewController.swift */ = {isa = PBXFileReference; lastKnownFileType = sourcecode.swift; path = FFWinScreenViewController.swift; sourceTree = "<group>"; };
		AF514F9229C6665C009EF16D /* FindTheFlag.app */ = {isa = PBXFileReference; explicitFileType = wrapper.application; includeInIndex = 0; path = FindTheFlag.app; sourceTree = BUILT_PRODUCTS_DIR; };
		AF514F9529C6665C009EF16D /* AppDelegate.swift */ = {isa = PBXFileReference; lastKnownFileType = sourcecode.swift; path = AppDelegate.swift; sourceTree = "<group>"; };
		AF514F9729C6665C009EF16D /* SceneDelegate.swift */ = {isa = PBXFileReference; lastKnownFileType = sourcecode.swift; path = SceneDelegate.swift; sourceTree = "<group>"; };
		AF514F9929C6665C009EF16D /* FFGameViewController.swift */ = {isa = PBXFileReference; lastKnownFileType = sourcecode.swift; path = FFGameViewController.swift; sourceTree = "<group>"; };
		AF514F9F29C6665C009EF16D /* FindTheFlag.xcdatamodel */ = {isa = PBXFileReference; lastKnownFileType = wrapper.xcdatamodel; path = FindTheFlag.xcdatamodel; sourceTree = "<group>"; };
		AF514FA429C6665E009EF16D /* Base */ = {isa = PBXFileReference; lastKnownFileType = file.storyboard; name = Base; path = Base.lproj/LaunchScreen.storyboard; sourceTree = "<group>"; };
		AF514FA629C6665E009EF16D /* Info.plist */ = {isa = PBXFileReference; lastKnownFileType = text.plist.xml; path = Info.plist; sourceTree = "<group>"; };
		AF514FAE29C66D63009EF16D /* FFModel.swift */ = {isa = PBXFileReference; lastKnownFileType = sourcecode.swift; path = FFModel.swift; sourceTree = "<group>"; };
		AF514FB129C66E80009EF16D /* FFViewModelAPI.swift */ = {isa = PBXFileReference; lastKnownFileType = sourcecode.swift; path = FFViewModelAPI.swift; sourceTree = "<group>"; };
		AF514FB429C66F79009EF16D /* FFView.swift */ = {isa = PBXFileReference; lastKnownFileType = sourcecode.swift; path = FFView.swift; sourceTree = "<group>"; };
		AFEE6E2829CDDAF100459921 /* FlagData.swift */ = {isa = PBXFileReference; lastKnownFileType = sourcecode.swift; path = FlagData.swift; sourceTree = "<group>"; };
		AFF1052829D35E920048877E /* FFSettingsViewViewModel.swift */ = {isa = PBXFileReference; lastKnownFileType = sourcecode.swift; path = FFSettingsViewViewModel.swift; sourceTree = "<group>"; };
		AFF1052A29D35EBE0048877E /* FFSettingsCellViewModel.swift */ = {isa = PBXFileReference; lastKnownFileType = sourcecode.swift; path = FFSettingsCellViewModel.swift; sourceTree = "<group>"; };
		AFF1052C29D35EDB0048877E /* FFSettingsOption.swift */ = {isa = PBXFileReference; lastKnownFileType = sourcecode.swift; path = FFSettingsOption.swift; sourceTree = "<group>"; };
		AFF1052E29D35F3C0048877E /* FFSettingsView.swift */ = {isa = PBXFileReference; lastKnownFileType = sourcecode.swift; path = FFSettingsView.swift; sourceTree = "<group>"; };
		AFF1053029D35F950048877E /* FFSettingsViewController.swift */ = {isa = PBXFileReference; lastKnownFileType = sourcecode.swift; path = FFSettingsViewController.swift; sourceTree = "<group>"; };
		AFF1056429D398090048877E /* FFHomeViewController.swift */ = {isa = PBXFileReference; lastKnownFileType = sourcecode.swift; path = FFHomeViewController.swift; sourceTree = "<group>"; };
		AFF1056629D3A04A0048877E /* FFHomeView.swift */ = {isa = PBXFileReference; lastKnownFileType = sourcecode.swift; path = FFHomeView.swift; sourceTree = "<group>"; };
/* End PBXFileReference section */

/* Begin PBXFrameworksBuildPhase section */
		AF514F8F29C6665C009EF16D /* Frameworks */ = {
			isa = PBXFrameworksBuildPhase;
			buildActionMask = 2147483647;
			files = (
			);
			runOnlyForDeploymentPostprocessing = 0;
		};
/* End PBXFrameworksBuildPhase section */

/* Begin PBXGroup section */
		AF514F8929C6665C009EF16D = {
			isa = PBXGroup;
			children = (
				AF514F9429C6665C009EF16D /* FindTheFlag */,
				AF514F9329C6665C009EF16D /* Products */,
			);
			sourceTree = "<group>";
		};
		AF514F9329C6665C009EF16D /* Products */ = {
			isa = PBXGroup;
			children = (
				AF514F9229C6665C009EF16D /* FindTheFlag.app */,
			);
			name = Products;
			sourceTree = "<group>";
		};
		AF514F9429C6665C009EF16D /* FindTheFlag */ = {
			isa = PBXGroup;
			children = (
				AF514FAC29C66CD5009EF16D /* Resources */,
				AF514FB329C66E86009EF16D /* ViewModels */,
				AF514FB629C66F7E009EF16D /* Views */,
				AF514FAD29C66D01009EF16D /* ViewController */,
				AF514FB029C66D84009EF16D /* Model */,
				AF514FA629C6665E009EF16D /* Info.plist */,
				AF514F9E29C6665C009EF16D /* FindTheFlag.xcdatamodeld */,
			);
			path = FindTheFlag;
			sourceTree = "<group>";
		};
		AF514FAC29C66CD5009EF16D /* Resources */ = {
			isa = PBXGroup;
			children = (
				AF1BA3DA29E0C8050086898F /* Assets.xcassets */,
				AF514F9529C6665C009EF16D /* AppDelegate.swift */,
				AF514F9729C6665C009EF16D /* SceneDelegate.swift */,
				AF514FA329C6665E009EF16D /* LaunchScreen.storyboard */,
			);
			path = Resources;
			sourceTree = "<group>";
		};
		AF514FAD29C66D01009EF16D /* ViewController */ = {
			isa = PBXGroup;
			children = (
				AF514F9929C6665C009EF16D /* FFGameViewController.swift */,
				AFF1053029D35F950048877E /* FFSettingsViewController.swift */,
				AFF1056429D398090048877E /* FFHomeViewController.swift */,
				AF3B15DF29DDD57200ACDC2B /* FFWinScreenViewController.swift */,
			);
			path = ViewController;
			sourceTree = "<group>";
		};
		AF514FB029C66D84009EF16D /* Model */ = {
			isa = PBXGroup;
			children = (
				AF514FAE29C66D63009EF16D /* FFModel.swift */,
			);
			path = Model;
			sourceTree = "<group>";
		};
		AF514FB329C66E86009EF16D /* ViewModels */ = {
			isa = PBXGroup;
			children = (
				AFF1055A29D36AE10048877E /* Flag */,
				AFF1055929D369CD0048877E /* Settings */,
			);
			path = ViewModels;
			sourceTree = "<group>";
		};
		AF514FB629C66F7E009EF16D /* Views */ = {
			isa = PBXGroup;
			children = (
				AF514FB429C66F79009EF16D /* FFView.swift */,
				AFF1052E29D35F3C0048877E /* FFSettingsView.swift */,
				AFF1056629D3A04A0048877E /* FFHomeView.swift */,
			);
			path = Views;
			sourceTree = "<group>";
		};
		AFF1055929D369CD0048877E /* Settings */ = {
			isa = PBXGroup;
			children = (
				AFF1052829D35E920048877E /* FFSettingsViewViewModel.swift */,
				AFF1052A29D35EBE0048877E /* FFSettingsCellViewModel.swift */,
				AFF1052C29D35EDB0048877E /* FFSettingsOption.swift */,
			);
			path = Settings;
			sourceTree = "<group>";
		};
		AFF1055A29D36AE10048877E /* Flag */ = {
			isa = PBXGroup;
			children = (
				AF514FB129C66E80009EF16D /* FFViewModelAPI.swift */,
				AFEE6E2829CDDAF100459921 /* FlagData.swift */,
			);
			path = Flag;
			sourceTree = "<group>";
		};
/* End PBXGroup section */

/* Begin PBXNativeTarget section */
		AF514F9129C6665C009EF16D /* FindTheFlag */ = {
			isa = PBXNativeTarget;
			buildConfigurationList = AF514FA929C6665E009EF16D /* Build configuration list for PBXNativeTarget "FindTheFlag" */;
			buildPhases = (
				AF514F8E29C6665C009EF16D /* Sources */,
				AF514F8F29C6665C009EF16D /* Frameworks */,
				AF514F9029C6665C009EF16D /* Resources */,
			);
			buildRules = (
			);
			dependencies = (
			);
			name = FindTheFlag;
			productName = FindTheFlag;
			productReference = AF514F9229C6665C009EF16D /* FindTheFlag.app */;
			productType = "com.apple.product-type.application";
		};
/* End PBXNativeTarget section */

/* Begin PBXProject section */
		AF514F8A29C6665C009EF16D /* Project object */ = {
			isa = PBXProject;
			attributes = {
				BuildIndependentTargetsInParallel = 1;
				LastSwiftUpdateCheck = 1420;
				LastUpgradeCheck = 1420;
				TargetAttributes = {
					AF514F9129C6665C009EF16D = {
						CreatedOnToolsVersion = 14.2;
					};
				};
			};
			buildConfigurationList = AF514F8D29C6665C009EF16D /* Build configuration list for PBXProject "FindTheFlag" */;
			compatibilityVersion = "Xcode 14.0";
			developmentRegion = en;
			hasScannedForEncodings = 0;
			knownRegions = (
				en,
				Base,
			);
			mainGroup = AF514F8929C6665C009EF16D;
			productRefGroup = AF514F9329C6665C009EF16D /* Products */;
			projectDirPath = "";
			projectRoot = "";
			targets = (
				AF514F9129C6665C009EF16D /* FindTheFlag */,
			);
		};
/* End PBXProject section */

/* Begin PBXResourcesBuildPhase section */
		AF514F9029C6665C009EF16D /* Resources */ = {
			isa = PBXResourcesBuildPhase;
			buildActionMask = 2147483647;
			files = (
				AF1BA3DB29E0C8050086898F /* Assets.xcassets in Resources */,
				AF514FA529C6665E009EF16D /* LaunchScreen.storyboard in Resources */,
			);
			runOnlyForDeploymentPostprocessing = 0;
		};
/* End PBXResourcesBuildPhase section */

/* Begin PBXSourcesBuildPhase section */
		AF514F8E29C6665C009EF16D /* Sources */ = {
			isa = PBXSourcesBuildPhase;
			buildActionMask = 2147483647;
			files = (
				AFF1052B29D35EBE0048877E /* FFSettingsCellViewModel.swift in Sources */,
				AF514FAF29C66D63009EF16D /* FFModel.swift in Sources */,
				AFF1052D29D35EDB0048877E /* FFSettingsOption.swift in Sources */,
				AF3B15E029DDD57200ACDC2B /* FFWinScreenViewController.swift in Sources */,
				AF514FA029C6665C009EF16D /* FindTheFlag.xcdatamodeld in Sources */,
				AF514F9A29C6665C009EF16D /* FFGameViewController.swift in Sources */,
				AFF1052929D35E920048877E /* FFSettingsViewViewModel.swift in Sources */,
				AF514FB529C66F79009EF16D /* FFView.swift in Sources */,
				AF514F9629C6665C009EF16D /* AppDelegate.swift in Sources */,
				AFF1056729D3A04A0048877E /* FFHomeView.swift in Sources */,
				AFF1056529D398090048877E /* FFHomeViewController.swift in Sources */,
				AFF1053129D35F950048877E /* FFSettingsViewController.swift in Sources */,
				AFF1052F29D35F3C0048877E /* FFSettingsView.swift in Sources */,
				AFEE6E2929CDDAF100459921 /* FlagData.swift in Sources */,
				AF514FB229C66E80009EF16D /* FFViewModelAPI.swift in Sources */,
				AF514F9829C6665C009EF16D /* SceneDelegate.swift in Sources */,
			);
			runOnlyForDeploymentPostprocessing = 0;
		};
/* End PBXSourcesBuildPhase section */

/* Begin PBXVariantGroup section */
		AF514FA329C6665E009EF16D /* LaunchScreen.storyboard */ = {
			isa = PBXVariantGroup;
			children = (
				AF514FA429C6665E009EF16D /* Base */,
			);
			name = LaunchScreen.storyboard;
			sourceTree = "<group>";
		};
/* End PBXVariantGroup section */

/* Begin XCBuildConfiguration section */
		AF514FA729C6665E009EF16D /* Debug */ = {
			isa = XCBuildConfiguration;
			buildSettings = {
				ALWAYS_SEARCH_USER_PATHS = NO;
				CLANG_ANALYZER_NONNULL = YES;
				CLANG_ANALYZER_NUMBER_OBJECT_CONVERSION = YES_AGGRESSIVE;
				CLANG_CXX_LANGUAGE_STANDARD = "gnu++20";
				CLANG_ENABLE_MODULES = YES;
				CLANG_ENABLE_OBJC_ARC = YES;
				CLANG_ENABLE_OBJC_WEAK = YES;
				CLANG_WARN_BLOCK_CAPTURE_AUTORELEASING = YES;
				CLANG_WARN_BOOL_CONVERSION = YES;
				CLANG_WARN_COMMA = YES;
				CLANG_WARN_CONSTANT_CONVERSION = YES;
				CLANG_WARN_DEPRECATED_OBJC_IMPLEMENTATIONS = YES;
				CLANG_WARN_DIRECT_OBJC_ISA_USAGE = YES_ERROR;
				CLANG_WARN_DOCUMENTATION_COMMENTS = YES;
				CLANG_WARN_EMPTY_BODY = YES;
				CLANG_WARN_ENUM_CONVERSION = YES;
				CLANG_WARN_INFINITE_RECURSION = YES;
				CLANG_WARN_INT_CONVERSION = YES;
				CLANG_WARN_NON_LITERAL_NULL_CONVERSION = YES;
				CLANG_WARN_OBJC_IMPLICIT_RETAIN_SELF = YES;
				CLANG_WARN_OBJC_LITERAL_CONVERSION = YES;
				CLANG_WARN_OBJC_ROOT_CLASS = YES_ERROR;
				CLANG_WARN_QUOTED_INCLUDE_IN_FRAMEWORK_HEADER = YES;
				CLANG_WARN_RANGE_LOOP_ANALYSIS = YES;
				CLANG_WARN_STRICT_PROTOTYPES = YES;
				CLANG_WARN_SUSPICIOUS_MOVE = YES;
				CLANG_WARN_UNGUARDED_AVAILABILITY = YES_AGGRESSIVE;
				CLANG_WARN_UNREACHABLE_CODE = YES;
				CLANG_WARN__DUPLICATE_METHOD_MATCH = YES;
				COPY_PHASE_STRIP = NO;
				DEBUG_INFORMATION_FORMAT = dwarf;
				ENABLE_STRICT_OBJC_MSGSEND = YES;
				ENABLE_TESTABILITY = YES;
				GCC_C_LANGUAGE_STANDARD = gnu11;
				GCC_DYNAMIC_NO_PIC = NO;
				GCC_NO_COMMON_BLOCKS = YES;
				GCC_OPTIMIZATION_LEVEL = 0;
				GCC_PREPROCESSOR_DEFINITIONS = (
					"DEBUG=1",
					"$(inherited)",
				);
				GCC_WARN_64_TO_32_BIT_CONVERSION = YES;
				GCC_WARN_ABOUT_RETURN_TYPE = YES_ERROR;
				GCC_WARN_UNDECLARED_SELECTOR = YES;
				GCC_WARN_UNINITIALIZED_AUTOS = YES_AGGRESSIVE;
				GCC_WARN_UNUSED_FUNCTION = YES;
				GCC_WARN_UNUSED_VARIABLE = YES;
				IPHONEOS_DEPLOYMENT_TARGET = 16.2;
				MTL_ENABLE_DEBUG_INFO = INCLUDE_SOURCE;
				MTL_FAST_MATH = YES;
				ONLY_ACTIVE_ARCH = YES;
				SDKROOT = iphoneos;
				SWIFT_ACTIVE_COMPILATION_CONDITIONS = DEBUG;
				SWIFT_OPTIMIZATION_LEVEL = "-Onone";
			};
			name = Debug;
		};
		AF514FA829C6665E009EF16D /* Release */ = {
			isa = XCBuildConfiguration;
			buildSettings = {
				ALWAYS_SEARCH_USER_PATHS = NO;
				CLANG_ANALYZER_NONNULL = YES;
				CLANG_ANALYZER_NUMBER_OBJECT_CONVERSION = YES_AGGRESSIVE;
				CLANG_CXX_LANGUAGE_STANDARD = "gnu++20";
				CLANG_ENABLE_MODULES = YES;
				CLANG_ENABLE_OBJC_ARC = YES;
				CLANG_ENABLE_OBJC_WEAK = YES;
				CLANG_WARN_BLOCK_CAPTURE_AUTORELEASING = YES;
				CLANG_WARN_BOOL_CONVERSION = YES;
				CLANG_WARN_COMMA = YES;
				CLANG_WARN_CONSTANT_CONVERSION = YES;
				CLANG_WARN_DEPRECATED_OBJC_IMPLEMENTATIONS = YES;
				CLANG_WARN_DIRECT_OBJC_ISA_USAGE = YES_ERROR;
				CLANG_WARN_DOCUMENTATION_COMMENTS = YES;
				CLANG_WARN_EMPTY_BODY = YES;
				CLANG_WARN_ENUM_CONVERSION = YES;
				CLANG_WARN_INFINITE_RECURSION = YES;
				CLANG_WARN_INT_CONVERSION = YES;
				CLANG_WARN_NON_LITERAL_NULL_CONVERSION = YES;
				CLANG_WARN_OBJC_IMPLICIT_RETAIN_SELF = YES;
				CLANG_WARN_OBJC_LITERAL_CONVERSION = YES;
				CLANG_WARN_OBJC_ROOT_CLASS = YES_ERROR;
				CLANG_WARN_QUOTED_INCLUDE_IN_FRAMEWORK_HEADER = YES;
				CLANG_WARN_RANGE_LOOP_ANALYSIS = YES;
				CLANG_WARN_STRICT_PROTOTYPES = YES;
				CLANG_WARN_SUSPICIOUS_MOVE = YES;
				CLANG_WARN_UNGUARDED_AVAILABILITY = YES_AGGRESSIVE;
				CLANG_WARN_UNREACHABLE_CODE = YES;
				CLANG_WARN__DUPLICATE_METHOD_MATCH = YES;
				COPY_PHASE_STRIP = NO;
				DEBUG_INFORMATION_FORMAT = "dwarf-with-dsym";
				ENABLE_NS_ASSERTIONS = NO;
				ENABLE_STRICT_OBJC_MSGSEND = YES;
				GCC_C_LANGUAGE_STANDARD = gnu11;
				GCC_NO_COMMON_BLOCKS = YES;
				GCC_WARN_64_TO_32_BIT_CONVERSION = YES;
				GCC_WARN_ABOUT_RETURN_TYPE = YES_ERROR;
				GCC_WARN_UNDECLARED_SELECTOR = YES;
				GCC_WARN_UNINITIALIZED_AUTOS = YES_AGGRESSIVE;
				GCC_WARN_UNUSED_FUNCTION = YES;
				GCC_WARN_UNUSED_VARIABLE = YES;
				IPHONEOS_DEPLOYMENT_TARGET = 16.2;
				MTL_ENABLE_DEBUG_INFO = NO;
				MTL_FAST_MATH = YES;
				SDKROOT = iphoneos;
				SWIFT_COMPILATION_MODE = wholemodule;
				SWIFT_OPTIMIZATION_LEVEL = "-O";
				VALIDATE_PRODUCT = YES;
			};
			name = Release;
		};
		AF514FAA29C6665E009EF16D /* Debug */ = {
			isa = XCBuildConfiguration;
			buildSettings = {
				ASSETCATALOG_COMPILER_APPICON_NAME = AppIcon;
				ASSETCATALOG_COMPILER_GLOBAL_ACCENT_COLOR_NAME = AccentColor;
				CODE_SIGN_STYLE = Automatic;
				CURRENT_PROJECT_VERSION = 1;
				DEVELOPMENT_TEAM = D857Q9QNF5;
				GENERATE_INFOPLIST_FILE = YES;
				INFOPLIST_FILE = FindTheFlag/Info.plist;
				INFOPLIST_KEY_CFBundleDisplayName = "FindTheFlag Quiz";
				INFOPLIST_KEY_LSApplicationCategoryType = "public.app-category.games";
				INFOPLIST_KEY_UIApplicationSupportsIndirectInputEvents = YES;
				INFOPLIST_KEY_UILaunchStoryboardName = LaunchScreen;
				INFOPLIST_KEY_UISupportedInterfaceOrientations_iPad = UIInterfaceOrientationPortrait;
				INFOPLIST_KEY_UISupportedInterfaceOrientations_iPhone = UIInterfaceOrientationPortrait;
				LD_RUNPATH_SEARCH_PATHS = (
					"$(inherited)",
					"@executable_path/Frameworks",
				);
				MARKETING_VERSION = 1.0;
				PRODUCT_BUNDLE_IDENTIFIER = com.btarcann.FindTheFlag;
				PRODUCT_NAME = "$(TARGET_NAME)";
				SWIFT_EMIT_LOC_STRINGS = YES;
				SWIFT_VERSION = 5.0;
				TARGETED_DEVICE_FAMILY = "1,2";
			};
			name = Debug;
		};
		AF514FAB29C6665E009EF16D /* Release */ = {
			isa = XCBuildConfiguration;
			buildSettings = {
				ASSETCATALOG_COMPILER_APPICON_NAME = AppIcon;
				ASSETCATALOG_COMPILER_GLOBAL_ACCENT_COLOR_NAME = AccentColor;
				CODE_SIGN_STYLE = Automatic;
				CURRENT_PROJECT_VERSION = 1;
				DEVELOPMENT_TEAM = D857Q9QNF5;
				GENERATE_INFOPLIST_FILE = YES;
				INFOPLIST_FILE = FindTheFlag/Info.plist;
				INFOPLIST_KEY_CFBundleDisplayName = "FindTheFlag Quiz";
				INFOPLIST_KEY_LSApplicationCategoryType = "public.app-category.games";
				INFOPLIST_KEY_UIApplicationSupportsIndirectInputEvents = YES;
				INFOPLIST_KEY_UILaunchStoryboardName = LaunchScreen;
				INFOPLIST_KEY_UISupportedInterfaceOrientations_iPad = UIInterfaceOrientationPortrait;
				INFOPLIST_KEY_UISupportedInterfaceOrientations_iPhone = UIInterfaceOrientationPortrait;
				LD_RUNPATH_SEARCH_PATHS = (
					"$(inherited)",
					"@executable_path/Frameworks",
				);
				MARKETING_VERSION = 1.0;
				PRODUCT_BUNDLE_IDENTIFIER = com.btarcann.FindTheFlag;
				PRODUCT_NAME = "$(TARGET_NAME)";
				SWIFT_EMIT_LOC_STRINGS = YES;
				SWIFT_VERSION = 5.0;
				TARGETED_DEVICE_FAMILY = "1,2";
			};
			name = Release;
		};
/* End XCBuildConfiguration section */

/* Begin XCConfigurationList section */
		AF514F8D29C6665C009EF16D /* Build configuration list for PBXProject "FindTheFlag" */ = {
			isa = XCConfigurationList;
			buildConfigurations = (
				AF514FA729C6665E009EF16D /* Debug */,
				AF514FA829C6665E009EF16D /* Release */,
			);
			defaultConfigurationIsVisible = 0;
			defaultConfigurationName = Release;
		};
		AF514FA929C6665E009EF16D /* Build configuration list for PBXNativeTarget "FindTheFlag" */ = {
			isa = XCConfigurationList;
			buildConfigurations = (
				AF514FAA29C6665E009EF16D /* Debug */,
				AF514FAB29C6665E009EF16D /* Release */,
			);
			defaultConfigurationIsVisible = 0;
			defaultConfigurationName = Release;
		};
/* End XCConfigurationList section */

/* Begin XCVersionGroup section */
		AF514F9E29C6665C009EF16D /* FindTheFlag.xcdatamodeld */ = {
			isa = XCVersionGroup;
			children = (
				AF514F9F29C6665C009EF16D /* FindTheFlag.xcdatamodel */,
			);
			currentVersion = AF514F9F29C6665C009EF16D /* FindTheFlag.xcdatamodel */;
			path = FindTheFlag.xcdatamodeld;
			sourceTree = "<group>";
			versionGroupType = wrapper.xcdatamodel;
		};
/* End XCVersionGroup section */
	};
	rootObject = AF514F8A29C6665C009EF16D /* Project object */;
}
